
Microsoft Visual Studio Solution File, Format Version 12.00
# Visual Studio Version 17
VisualStudioVersion = 17.11.35303.130
MinimumVisualStudioVersion = 10.0.40219.1
Project("{FAE04EC0-301F-11D3-BF4B-00C04F79EFBC}") = "ResonanceExtractor", "ResonanceExtractor.csproj", "{A9435082-05F1-4055-B9F1-2B4459EEC7FB}"
EndProject
Global
	GlobalSection(SolutionConfigurationPlatforms) = preSolution
		Debug|Any CPU = Debug|Any CPU
		Release|Any CPU = Release|Any CPU
	EndGlobalSection
	GlobalSection(ProjectConfigurationPlatforms) = postSolution
		{A9435082-05F1-4055-B9F1-2B4459EEC7FB}.Debug|Any CPU.ActiveCfg = Debug|Any CPU
		{A9435082-05F1-4055-B9F1-2B4459EEC7FB}.Debug|Any CPU.Build.0 = Debug|Any CPU
		{A9435082-05F1-4055-B9F1-2B4459EEC7FB}.Release|Any CPU.ActiveCfg = Release|Any CPU
		{A9435082-05F1-4055-B9F1-2B4459EEC7FB}.Release|Any CPU.Build.0 = Release|Any CPU
	EndGlobalSection
	GlobalSection(SolutionProperties) = preSolution
		HideSolutionNode = FALSE
	EndGlobalSection
	GlobalSection(ExtensibilityGlobals) = postSolution
		SolutionGuid = {4455DC7B-58C0-4E1B-8A6B-54E08AF25B6E}
	EndGlobalSection
EndGlobal
